{
  "name": "vue-project",
  "lockfileVersion": 2,
  "requires": true,
  "packages": {
    "": {
      "dependencies": {
        "vue": "^2.6.14",
        "vue-material-modal-dialog": "^0.3.0",
        "vue-modal-dialogs": "^3.0.0"
      }
    },
    "node_modules/vue": {
      "version": "2.6.14",
      "resolved": "https://registry.npmjs.org/vue/-/vue-2.6.14.tgz",
      "integrity": "sha512-x2284lgYvjOMj3Za7kqzRcUSxBboHqtgRE2zlos1qWaOye5yUmHn42LB1250NJBLRwEcdrB0JRwyPTEPhfQjiQ=="
    },
    "node_modules/vue-material-modal-dialog": {
      "version": "0.3.0",
      "resolved": "https://registry.npmjs.org/vue-material-modal-dialog/-/vue-material-modal-dialog-0.3.0.tgz",
      "integrity": "sha512-hazBa/yWIjbxsfWV/DoaL4/odpiRFO8xAUT5sUqQcvpJq8V2mSF+pzWuU2+A/7P29nd4nuy1LkeLbcZp6iFi1A==",
      "peerDependencies": {
        "vue": "^2.6.12",
        "vue-material": ">1.0.0-beta"
      }
    },
    "node_modules/vue-modal-dialogs": {
      "version": "3.0.0",
      "resolved": "https://registry.npmjs.org/vue-modal-dialogs/-/vue-modal-dialogs-3.0.0.tgz",
      "integrity": "sha512-52x3DR3mfDLV0yubhoyiXuljRVNpu5EjHAWoKXPIqpVNx3E8DEs4mbXmDYP6xPIlIYfFiYN2aAlEhoMgXkjrBg=="
    }
  },
  "dependencies": {
    "vue": {
      "version": "2.6.14",
      "resolved": "https://registry.npmjs.org/vue/-/vue-2.6.14.tgz",
      "integrity": "sha512-x2284lgYvjOMj3Za7kqzRcUSxBboHqtgRE2zlos1qWaOye5yUmHn42LB1250NJBLRwEcdrB0JRwyPTEPhfQjiQ=="
    },
    "vue-material-modal-dialog": {
      "version": "0.3.0",
      "resolved": "https://registry.npmjs.org/vue-material-modal-dialog/-/vue-material-modal-dialog-0.3.0.tgz",
      "integrity": "sha512-hazBa/yWIjbxsfWV/DoaL4/odpiRFO8xAUT5sUqQcvpJq8V2mSF+pzWuU2+A/7P29nd4nuy1LkeLbcZp6iFi1A==",
      "requires": {}
    },
    "vue-modal-dialogs": {
      "version": "3.0.0",
      "resolved": "https://registry.npmjs.org/vue-modal-dialogs/-/vue-modal-dialogs-3.0.0.tgz",
      "integrity": "sha512-52x3DR3mfDLV0yubhoyiXuljRVNpu5EjHAWoKXPIqpVNx3E8DEs4mbXmDYP6xPIlIYfFiYN2aAlEhoMgXkjrBg=="
    }
  }
}
